// !$*UTF8*$!
{
	archiveVersion = 1;
	classes = {
	};
	objectVersion = 60;
	objects = {

/* Begin PBXBuildFile section */
		CBA6F73C2BC5D31B0056FA84 /* PlayerController.swift in Sources */ = {isa = PBXBuildFile; fileRef = CBA6F73B2BC5D31B0056FA84 /* PlayerController.swift */; };
		CBA6F7432BC60A0B0056FA84 /* MahjongCore in Frameworks */ = {isa = PBXBuildFile; productRef = CBA6F7422BC60A0B0056FA84 /* MahjongCore */; };
		CBEE80432BC622240060DFD9 /* GameManager.swift in Sources */ = {isa = PBXBuildFile; fileRef = CBEE80422BC622240060DFD9 /* GameManager.swift */; };
		CBEE80452BC6FD360060DFD9 /* DataStructure.swift in Sources */ = {isa = PBXBuildFile; fileRef = CBEE80442BC6FD360060DFD9 /* DataStructure.swift */; };
		CBEE804D2BC7A9C90060DFD9 /* GameManager+State.swift in Sources */ = {isa = PBXBuildFile; fileRef = CBEE804C2BC7A9C90060DFD9 /* GameManager+State.swift */; };
		CBEE80522BC888CF0060DFD9 /* AppState.swift in Sources */ = {isa = PBXBuildFile; fileRef = CBEE80502BC888CF0060DFD9 /* AppState.swift */; };
		CBEE80532BC888CF0060DFD9 /* AppConfig.swift in Sources */ = {isa = PBXBuildFile; fileRef = CBEE80512BC888CF0060DFD9 /* AppConfig.swift */; };
		CBEE805A2BC888F00060DFD9 /* ImmersiveView.swift in Sources */ = {isa = PBXBuildFile; fileRef = CBEE80542BC888F00060DFD9 /* ImmersiveView.swift */; };
		CBEE805B2BC888F00060DFD9 /* InfoLabel.swift in Sources */ = {isa = PBXBuildFile; fileRef = CBEE80552BC888F00060DFD9 /* InfoLabel.swift */; };
		CBEE805C2BC888F00060DFD9 /* MainMenu.swift in Sources */ = {isa = PBXBuildFile; fileRef = CBEE80562BC888F00060DFD9 /* MainMenu.swift */; };
		CBEE805D2BC888F00060DFD9 /* Settings.swift in Sources */ = {isa = PBXBuildFile; fileRef = CBEE80572BC888F00060DFD9 /* Settings.swift */; };
		CBEE805E2BC888F00060DFD9 /* Welcome.swift in Sources */ = {isa = PBXBuildFile; fileRef = CBEE80582BC888F00060DFD9 /* Welcome.swift */; };
		CBEE80662BC889990060DFD9 /* PlacementManager.swift in Sources */ = {isa = PBXBuildFile; fileRef = CBEE805F2BC889990060DFD9 /* PlacementManager.swift */; };
		CBEE80682BC889990060DFD9 /* PlacementState.swift in Sources */ = {isa = PBXBuildFile; fileRef = CBEE80612BC889990060DFD9 /* PlacementState.swift */; };
		CBEE80692BC889990060DFD9 /* PlacementManager+Detection.swift in Sources */ = {isa = PBXBuildFile; fileRef = CBEE80622BC889990060DFD9 /* PlacementManager+Detection.swift */; };
		CBEE806A2BC889990060DFD9 /* UserDiscardTypeView.swift in Sources */ = {isa = PBXBuildFile; fileRef = CBEE80632BC889990060DFD9 /* UserDiscardTypeView.swift */; };
		CBEE806C2BC889990060DFD9 /* UserDecisionView.swift in Sources */ = {isa = PBXBuildFile; fileRef = CBEE80652BC889990060DFD9 /* UserDecisionView.swift */; };
		CBEE80722BC88A580060DFD9 /* HandDetection.swift in Sources */ = {isa = PBXBuildFile; fileRef = CBEE806E2BC88A580060DFD9 /* HandDetection.swift */; };
		CBEE80732BC88A580060DFD9 /* PlaneDetection.swift in Sources */ = {isa = PBXBuildFile; fileRef = CBEE806F2BC88A580060DFD9 /* PlaneDetection.swift */; };
		CBEE80742BC88A580060DFD9 /* WorldDetection.swift in Sources */ = {isa = PBXBuildFile; fileRef = CBEE80702BC88A580060DFD9 /* WorldDetection.swift */; };
		CBEE80762BC8AFEC0060DFD9 /* UserUtilsView.swift in Sources */ = {isa = PBXBuildFile; fileRef = CBEE80752BC8AFEC0060DFD9 /* UserUtilsView.swift */; };
		CBEE80792BC8B49C0060DFD9 /* DrawDecisionView.swift in Sources */ = {isa = PBXBuildFile; fileRef = CBEE80782BC8B49C0060DFD9 /* DrawDecisionView.swift */; };
		CBEE807B2BC8B4A60060DFD9 /* DiscardDecisionView.swift in Sources */ = {isa = PBXBuildFile; fileRef = CBEE807A2BC8B4A60060DFD9 /* DiscardDecisionView.swift */; };
		CBEE807D2BC8BC590060DFD9 /* LoadingView.swift in Sources */ = {isa = PBXBuildFile; fileRef = CBEE807C2BC8BC590060DFD9 /* LoadingView.swift */; };
		D018061F2BC8F5A600A977D7 /* MahjongView.swift in Sources */ = {isa = PBXBuildFile; fileRef = D018061E2BC8F5A600A977D7 /* MahjongView.swift */; };
		D01806212BC8F65D00A977D7 /* GameMenu.swift in Sources */ = {isa = PBXBuildFile; fileRef = D01806202BC8F65D00A977D7 /* GameMenu.swift */; };
		D059ED202BCA0EED00048A90 /* PlacementManager+Interaction.swift in Sources */ = {isa = PBXBuildFile; fileRef = D059ED1F2BCA0EED00048A90 /* PlacementManager+Interaction.swift */; };
		D059ED222BCA154F00048A90 /* PlaneProjector.swift in Sources */ = {isa = PBXBuildFile; fileRef = D059ED212BCA154F00048A90 /* PlaneProjector.swift */; };
		D0D0F1DB2BC5B3E500D514AF /* RealityKitContent in Frameworks */ = {isa = PBXBuildFile; productRef = D0D0F1DA2BC5B3E500D514AF /* RealityKitContent */; };
		D0D0F1DD2BC5B3E500D514AF /* MahjongGeneralXApp.swift in Sources */ = {isa = PBXBuildFile; fileRef = D0D0F1DC2BC5B3E500D514AF /* MahjongGeneralXApp.swift */; };
		D0D0F1E32BC5B3E600D514AF /* Assets.xcassets in Resources */ = {isa = PBXBuildFile; fileRef = D0D0F1E22BC5B3E600D514AF /* Assets.xcassets */; };
		D0D0F1E62BC5B3E600D514AF /* Preview Assets.xcassets in Resources */ = {isa = PBXBuildFile; fileRef = D0D0F1E52BC5B3E600D514AF /* Preview Assets.xcassets */; };
/* End PBXBuildFile section */

/* Begin PBXFileReference section */
		CBA6F73B2BC5D31B0056FA84 /* PlayerController.swift */ = {isa = PBXFileReference; lastKnownFileType = sourcecode.swift; path = PlayerController.swift; sourceTree = "<group>"; };
		CBEE80422BC622240060DFD9 /* GameManager.swift */ = {isa = PBXFileReference; lastKnownFileType = sourcecode.swift; path = GameManager.swift; sourceTree = "<group>"; };
		CBEE80442BC6FD360060DFD9 /* DataStructure.swift */ = {isa = PBXFileReference; lastKnownFileType = sourcecode.swift; path = DataStructure.swift; sourceTree = "<group>"; };
		CBEE804C2BC7A9C90060DFD9 /* GameManager+State.swift */ = {isa = PBXFileReference; lastKnownFileType = sourcecode.swift; path = "GameManager+State.swift"; sourceTree = "<group>"; };
		CBEE804F2BC8730D0060DFD9 /* .swiftlint.yml */ = {isa = PBXFileReference; lastKnownFileType = text.yaml; name = .swiftlint.yml; path = MahjongGeneralX/.swiftlint.yml; sourceTree = SOURCE_ROOT; };
		CBEE80502BC888CF0060DFD9 /* AppState.swift */ = {isa = PBXFileReference; fileEncoding = 4; lastKnownFileType = sourcecode.swift; path = AppState.swift; sourceTree = "<group>"; };
		CBEE80512BC888CF0060DFD9 /* AppConfig.swift */ = {isa = PBXFileReference; fileEncoding = 4; lastKnownFileType = sourcecode.swift; path = AppConfig.swift; sourceTree = "<group>"; };
		CBEE80542BC888F00060DFD9 /* ImmersiveView.swift */ = {isa = PBXFileReference; fileEncoding = 4; lastKnownFileType = sourcecode.swift; path = ImmersiveView.swift; sourceTree = "<group>"; };
		CBEE80552BC888F00060DFD9 /* InfoLabel.swift */ = {isa = PBXFileReference; fileEncoding = 4; lastKnownFileType = sourcecode.swift; path = InfoLabel.swift; sourceTree = "<group>"; };
		CBEE80562BC888F00060DFD9 /* MainMenu.swift */ = {isa = PBXFileReference; fileEncoding = 4; lastKnownFileType = sourcecode.swift; path = MainMenu.swift; sourceTree = "<group>"; };
		CBEE80572BC888F00060DFD9 /* Settings.swift */ = {isa = PBXFileReference; fileEncoding = 4; lastKnownFileType = sourcecode.swift; path = Settings.swift; sourceTree = "<group>"; };
		CBEE80582BC888F00060DFD9 /* Welcome.swift */ = {isa = PBXFileReference; fileEncoding = 4; lastKnownFileType = sourcecode.swift; path = Welcome.swift; sourceTree = "<group>"; };
		CBEE805F2BC889990060DFD9 /* PlacementManager.swift */ = {isa = PBXFileReference; fileEncoding = 4; lastKnownFileType = sourcecode.swift; path = PlacementManager.swift; sourceTree = "<group>"; };
		CBEE80612BC889990060DFD9 /* PlacementState.swift */ = {isa = PBXFileReference; fileEncoding = 4; lastKnownFileType = sourcecode.swift; path = PlacementState.swift; sourceTree = "<group>"; };
		CBEE80622BC889990060DFD9 /* PlacementManager+Detection.swift */ = {isa = PBXFileReference; fileEncoding = 4; lastKnownFileType = sourcecode.swift; path = "PlacementManager+Detection.swift"; sourceTree = "<group>"; };
		CBEE80632BC889990060DFD9 /* UserDiscardTypeView.swift */ = {isa = PBXFileReference; fileEncoding = 4; lastKnownFileType = sourcecode.swift; path = UserDiscardTypeView.swift; sourceTree = "<group>"; };
		CBEE80652BC889990060DFD9 /* UserDecisionView.swift */ = {isa = PBXFileReference; fileEncoding = 4; lastKnownFileType = sourcecode.swift; path = UserDecisionView.swift; sourceTree = "<group>"; };
		CBEE806E2BC88A580060DFD9 /* HandDetection.swift */ = {isa = PBXFileReference; fileEncoding = 4; lastKnownFileType = sourcecode.swift; path = HandDetection.swift; sourceTree = "<group>"; };
		CBEE806F2BC88A580060DFD9 /* PlaneDetection.swift */ = {isa = PBXFileReference; fileEncoding = 4; lastKnownFileType = sourcecode.swift; path = PlaneDetection.swift; sourceTree = "<group>"; };
		CBEE80702BC88A580060DFD9 /* WorldDetection.swift */ = {isa = PBXFileReference; fileEncoding = 4; lastKnownFileType = sourcecode.swift; path = WorldDetection.swift; sourceTree = "<group>"; };
		CBEE80752BC8AFEC0060DFD9 /* UserUtilsView.swift */ = {isa = PBXFileReference; lastKnownFileType = sourcecode.swift; path = UserUtilsView.swift; sourceTree = "<group>"; };
		CBEE80782BC8B49C0060DFD9 /* DrawDecisionView.swift */ = {isa = PBXFileReference; lastKnownFileType = sourcecode.swift; path = DrawDecisionView.swift; sourceTree = "<group>"; };
		CBEE807A2BC8B4A60060DFD9 /* DiscardDecisionView.swift */ = {isa = PBXFileReference; lastKnownFileType = sourcecode.swift; path = DiscardDecisionView.swift; sourceTree = "<group>"; };
		CBEE807C2BC8BC590060DFD9 /* LoadingView.swift */ = {isa = PBXFileReference; lastKnownFileType = sourcecode.swift; path = LoadingView.swift; sourceTree = "<group>"; };
		D018061E2BC8F5A600A977D7 /* MahjongView.swift */ = {isa = PBXFileReference; lastKnownFileType = sourcecode.swift; path = MahjongView.swift; sourceTree = "<group>"; };
		D01806202BC8F65D00A977D7 /* GameMenu.swift */ = {isa = PBXFileReference; lastKnownFileType = sourcecode.swift; path = GameMenu.swift; sourceTree = "<group>"; };
		D059ED1F2BCA0EED00048A90 /* PlacementManager+Interaction.swift */ = {isa = PBXFileReference; lastKnownFileType = sourcecode.swift; path = "PlacementManager+Interaction.swift"; sourceTree = "<group>"; };
		D059ED212BCA154F00048A90 /* PlaneProjector.swift */ = {isa = PBXFileReference; lastKnownFileType = sourcecode.swift; path = PlaneProjector.swift; sourceTree = "<group>"; };
		D0D0F1D52BC5B3E500D514AF /* MahjongGeneralX.app */ = {isa = PBXFileReference; explicitFileType = wrapper.application; includeInIndex = 0; path = MahjongGeneralX.app; sourceTree = BUILT_PRODUCTS_DIR; };
		D0D0F1D92BC5B3E500D514AF /* RealityKitContent */ = {isa = PBXFileReference; lastKnownFileType = wrapper; path = RealityKitContent; sourceTree = "<group>"; };
		D0D0F1DC2BC5B3E500D514AF /* MahjongGeneralXApp.swift */ = {isa = PBXFileReference; lastKnownFileType = sourcecode.swift; path = MahjongGeneralXApp.swift; sourceTree = "<group>"; };
		D0D0F1E22BC5B3E600D514AF /* Assets.xcassets */ = {isa = PBXFileReference; lastKnownFileType = folder.assetcatalog; path = Assets.xcassets; sourceTree = "<group>"; };
		D0D0F1E52BC5B3E600D514AF /* Preview Assets.xcassets */ = {isa = PBXFileReference; lastKnownFileType = folder.assetcatalog; path = "Preview Assets.xcassets"; sourceTree = "<group>"; };
		D0D0F1E72BC5B3E600D514AF /* Info.plist */ = {isa = PBXFileReference; lastKnownFileType = text.plist.xml; path = Info.plist; sourceTree = "<group>"; };
/* End PBXFileReference section */

/* Begin PBXFrameworksBuildPhase section */
		D0D0F1D22BC5B3E500D514AF /* Frameworks */ = {
			isa = PBXFrameworksBuildPhase;
			buildActionMask = 2147483647;
			files = (
				CBA6F7432BC60A0B0056FA84 /* MahjongCore in Frameworks */,
				D0D0F1DB2BC5B3E500D514AF /* RealityKitContent in Frameworks */,
			);
			runOnlyForDeploymentPostprocessing = 0;
		};
/* End PBXFrameworksBuildPhase section */

/* Begin PBXGroup section */
		CBA6F73A2BC5D2F20056FA84 /* GameModule */ = {
			isa = PBXGroup;
			children = (
				CBEE80772BC8B47D0060DFD9 /* GameViews */,
				CBEE806D2BC889B10060DFD9 /* Placement */,
				CBA6F73B2BC5D31B0056FA84 /* PlayerController.swift */,
				CBEE80422BC622240060DFD9 /* GameManager.swift */,
				CBEE804C2BC7A9C90060DFD9 /* GameManager+State.swift */,
				CBEE80442BC6FD360060DFD9 /* DataStructure.swift */,
			);
			path = GameModule;
			sourceTree = "<group>";
		};
		CBA6F7412BC608960056FA84 /* Frameworks */ = {
			isa = PBXGroup;
			children = (
			);
			name = Frameworks;
			sourceTree = "<group>";
		};
		CBEE80592BC888F00060DFD9 /* View */ = {
			isa = PBXGroup;
			children = (
				D018061E2BC8F5A600A977D7 /* MahjongView.swift */,
				CBEE80582BC888F00060DFD9 /* Welcome.swift */,
				CBEE80562BC888F00060DFD9 /* MainMenu.swift */,
				D01806202BC8F65D00A977D7 /* GameMenu.swift */,
				CBEE80542BC888F00060DFD9 /* ImmersiveView.swift */,
				CBEE80552BC888F00060DFD9 /* InfoLabel.swift */,
				CBEE807C2BC8BC590060DFD9 /* LoadingView.swift */,
				CBEE80572BC888F00060DFD9 /* Settings.swift */,
			);
			path = View;
			sourceTree = "<group>";
		};
		CBEE806D2BC889B10060DFD9 /* Placement */ = {
			isa = PBXGroup;
			children = (
				CBEE805F2BC889990060DFD9 /* PlacementManager.swift */,
				CBEE80622BC889990060DFD9 /* PlacementManager+Detection.swift */,
				D059ED1F2BCA0EED00048A90 /* PlacementManager+Interaction.swift */,
				CBEE80612BC889990060DFD9 /* PlacementState.swift */,
				D059ED212BCA154F00048A90 /* PlaneProjector.swift */,
			);
			path = Placement;
			sourceTree = "<group>";
		};
		CBEE80712BC88A580060DFD9 /* Detection */ = {
			isa = PBXGroup;
			children = (
				CBEE806E2BC88A580060DFD9 /* HandDetection.swift */,
				CBEE806F2BC88A580060DFD9 /* PlaneDetection.swift */,
				CBEE80702BC88A580060DFD9 /* WorldDetection.swift */,
			);
			path = Detection;
			sourceTree = "<group>";
		};
		CBEE80772BC8B47D0060DFD9 /* GameViews */ = {
			isa = PBXGroup;
			children = (
				CBEE80652BC889990060DFD9 /* UserDecisionView.swift */,
				CBEE80782BC8B49C0060DFD9 /* DrawDecisionView.swift */,
				CBEE807A2BC8B4A60060DFD9 /* DiscardDecisionView.swift */,
				CBEE80632BC889990060DFD9 /* UserDiscardTypeView.swift */,
				CBEE80752BC8AFEC0060DFD9 /* UserUtilsView.swift */,
			);
			path = GameViews;
			sourceTree = "<group>";
		};
		D0D0F1CC2BC5B3E500D514AF = {
			isa = PBXGroup;
			children = (
				D0D0F1D72BC5B3E500D514AF /* MahjongGeneralX */,
				D0D0F1D82BC5B3E500D514AF /* Packages */,
				D0D0F1D62BC5B3E500D514AF /* Products */,
				CBA6F7412BC608960056FA84 /* Frameworks */,
			);
			sourceTree = "<group>";
		};
		D0D0F1D62BC5B3E500D514AF /* Products */ = {
			isa = PBXGroup;
			children = (
				D0D0F1D52BC5B3E500D514AF /* MahjongGeneralX.app */,
			);
			name = Products;
			sourceTree = "<group>";
		};
		D0D0F1D72BC5B3E500D514AF /* MahjongGeneralX */ = {
			isa = PBXGroup;
			children = (
				D0D0F1DC2BC5B3E500D514AF /* MahjongGeneralXApp.swift */,
				CBEE80512BC888CF0060DFD9 /* AppConfig.swift */,
				CBEE80502BC888CF0060DFD9 /* AppState.swift */,
				CBEE80592BC888F00060DFD9 /* View */,
				CBA6F73A2BC5D2F20056FA84 /* GameModule */,
				CBEE80712BC88A580060DFD9 /* Detection */,
				D0D0F1E22BC5B3E600D514AF /* Assets.xcassets */,
				D0D0F1E72BC5B3E600D514AF /* Info.plist */,
				CBEE804F2BC8730D0060DFD9 /* .swiftlint.yml */,
				D0D0F1E42BC5B3E600D514AF /* Preview Content */,
			);
			path = MahjongGeneralX;
			sourceTree = "<group>";
		};
		D0D0F1D82BC5B3E500D514AF /* Packages */ = {
			isa = PBXGroup;
			children = (
				D0D0F1D92BC5B3E500D514AF /* RealityKitContent */,
			);
			path = Packages;
			sourceTree = "<group>";
		};
		D0D0F1E42BC5B3E600D514AF /* Preview Content */ = {
			isa = PBXGroup;
			children = (
				D0D0F1E52BC5B3E600D514AF /* Preview Assets.xcassets */,
			);
			path = "Preview Content";
			sourceTree = "<group>";
		};
/* End PBXGroup section */

/* Begin PBXNativeTarget section */
		D0D0F1D42BC5B3E500D514AF /* MahjongGeneralX */ = {
			isa = PBXNativeTarget;
			buildConfigurationList = D0D0F1EA2BC5B3E600D514AF /* Build configuration list for PBXNativeTarget "MahjongGeneralX" */;
			buildPhases = (
				D0D0F1D12BC5B3E500D514AF /* Sources */,
				D0D0F1D22BC5B3E500D514AF /* Frameworks */,
				D0D0F1D32BC5B3E500D514AF /* Resources */,
				CBEE804E2BC871020060DFD9 /* ShellScript */,
			);
			buildRules = (
			);
			dependencies = (
			);
			name = MahjongGeneralX;
			packageProductDependencies = (
				D0D0F1DA2BC5B3E500D514AF /* RealityKitContent */,
				CBA6F7422BC60A0B0056FA84 /* MahjongCore */,
			);
			productName = MahjongGenerallX;
			productReference = D0D0F1D52BC5B3E500D514AF /* MahjongGeneralX.app */;
			productType = "com.apple.product-type.application";
		};
/* End PBXNativeTarget section */

/* Begin PBXProject section */
		D0D0F1CD2BC5B3E500D514AF /* Project object */ = {
			isa = PBXProject;
			attributes = {
				BuildIndependentTargetsInParallel = 1;
				LastSwiftUpdateCheck = 1530;
				LastUpgradeCheck = 1530;
				TargetAttributes = {
					D0D0F1D42BC5B3E500D514AF = {
						CreatedOnToolsVersion = 15.3;
					};
				};
			};
			buildConfigurationList = D0D0F1D02BC5B3E500D514AF /* Build configuration list for PBXProject "MahjongGeneralX" */;
			compatibilityVersion = "Xcode 14.0";
			developmentRegion = en;
			hasScannedForEncodings = 0;
			knownRegions = (
				en,
				Base,
			);
			mainGroup = D0D0F1CC2BC5B3E500D514AF;
			packageReferences = (
				CBA6F73E2BC607F00056FA84 /* XCLocalSwiftPackageReference "../MahjongPackagesAVP/MahjongAnalyzer" */,
				CBA6F73F2BC608060056FA84 /* XCLocalSwiftPackageReference "../MahjongPackagesAVP/MahjongCommons" */,
				CBA6F7402BC608160056FA84 /* XCLocalSwiftPackageReference "../MahjongPackagesAVP/MahjongCore" */,
			);
			productRefGroup = D0D0F1D62BC5B3E500D514AF /* Products */;
			projectDirPath = "";
			projectRoot = "";
			targets = (
				D0D0F1D42BC5B3E500D514AF /* MahjongGeneralX */,
			);
		};
/* End PBXProject section */

/* Begin PBXResourcesBuildPhase section */
		D0D0F1D32BC5B3E500D514AF /* Resources */ = {
			isa = PBXResourcesBuildPhase;
			buildActionMask = 2147483647;
			files = (
				D0D0F1E62BC5B3E600D514AF /* Preview Assets.xcassets in Resources */,
				D0D0F1E32BC5B3E600D514AF /* Assets.xcassets in Resources */,
			);
			runOnlyForDeploymentPostprocessing = 0;
		};
/* End PBXResourcesBuildPhase section */

/* Begin PBXShellScriptBuildPhase section */
		CBEE804E2BC871020060DFD9 /* ShellScript */ = {
			isa = PBXShellScriptBuildPhase;
			buildActionMask = 2147483647;
			files = (
			);
			inputFileListPaths = (
			);
			inputPaths = (
			);
			outputFileListPaths = (
			);
			outputPaths = (
			);
			runOnlyForDeploymentPostprocessing = 0;
			shellPath = /bin/sh;
			shellScript = "if which swiftlint >/dev/null; then\n  swiftlint\nelse\n  echo \"warning: SwiftLint not installed, download from https://github.com/realm/SwiftLint\"\nfi\n";
		};
/* End PBXShellScriptBuildPhase section */

/* Begin PBXSourcesBuildPhase section */
		D0D0F1D12BC5B3E500D514AF /* Sources */ = {
			isa = PBXSourcesBuildPhase;
			buildActionMask = 2147483647;
			files = (
				CBEE80532BC888CF0060DFD9 /* AppConfig.swift in Sources */,
				CBEE80452BC6FD360060DFD9 /* DataStructure.swift in Sources */,
				CBEE80762BC8AFEC0060DFD9 /* UserUtilsView.swift in Sources */,
				CBEE805D2BC888F00060DFD9 /* Settings.swift in Sources */,
				CBEE805A2BC888F00060DFD9 /* ImmersiveView.swift in Sources */,
				CBEE80432BC622240060DFD9 /* GameManager.swift in Sources */,
				CBEE805E2BC888F00060DFD9 /* Welcome.swift in Sources */,
				CBEE807B2BC8B4A60060DFD9 /* DiscardDecisionView.swift in Sources */,
				CBEE80522BC888CF0060DFD9 /* AppState.swift in Sources */,
				CBEE80722BC88A580060DFD9 /* HandDetection.swift in Sources */,
				D059ED202BCA0EED00048A90 /* PlacementManager+Interaction.swift in Sources */,
				D0D0F1DD2BC5B3E500D514AF /* MahjongGeneralXApp.swift in Sources */,
				CBEE80732BC88A580060DFD9 /* PlaneDetection.swift in Sources */,
				CBEE805C2BC888F00060DFD9 /* MainMenu.swift in Sources */,
				D01806212BC8F65D00A977D7 /* GameMenu.swift in Sources */,
				CBEE80682BC889990060DFD9 /* PlacementState.swift in Sources */,
				CBEE80742BC88A580060DFD9 /* WorldDetection.swift in Sources */,
				CBEE805B2BC888F00060DFD9 /* InfoLabel.swift in Sources */,
				CBEE80662BC889990060DFD9 /* PlacementManager.swift in Sources */,
				D059ED222BCA154F00048A90 /* PlaneProjector.swift in Sources */,
				CBEE807D2BC8BC590060DFD9 /* LoadingView.swift in Sources */,
				CBEE806A2BC889990060DFD9 /* UserDiscardTypeView.swift in Sources */,
				CBA6F73C2BC5D31B0056FA84 /* PlayerController.swift in Sources */,
				D018061F2BC8F5A600A977D7 /* MahjongView.swift in Sources */,
				CBEE80692BC889990060DFD9 /* PlacementManager+Detection.swift in Sources */,
				CBEE804D2BC7A9C90060DFD9 /* GameManager+State.swift in Sources */,
				CBEE80792BC8B49C0060DFD9 /* DrawDecisionView.swift in Sources */,
				CBEE806C2BC889990060DFD9 /* UserDecisionView.swift in Sources */,
			);
			runOnlyForDeploymentPostprocessing = 0;
		};
/* End PBXSourcesBuildPhase section */

/* Begin XCBuildConfiguration section */
		D0D0F1E82BC5B3E600D514AF /* Debug */ = {
			isa = XCBuildConfiguration;
			buildSettings = {
				ALWAYS_SEARCH_USER_PATHS = NO;
				ASSETCATALOG_COMPILER_GENERATE_SWIFT_ASSET_SYMBOL_EXTENSIONS = YES;
				CLANG_ANALYZER_NONNULL = YES;
				CLANG_ANALYZER_NUMBER_OBJECT_CONVERSION = YES_AGGRESSIVE;
				CLANG_CXX_LANGUAGE_STANDARD = "gnu++20";
				CLANG_ENABLE_MODULES = YES;
				CLANG_ENABLE_OBJC_ARC = YES;
				CLANG_ENABLE_OBJC_WEAK = YES;
				CLANG_WARN_BLOCK_CAPTURE_AUTORELEASING = YES;
				CLANG_WARN_BOOL_CONVERSION = YES;
				CLANG_WARN_COMMA = YES;
				CLANG_WARN_CONSTANT_CONVERSION = YES;
				CLANG_WARN_DEPRECATED_OBJC_IMPLEMENTATIONS = YES;
				CLANG_WARN_DIRECT_OBJC_ISA_USAGE = YES_ERROR;
				CLANG_WARN_DOCUMENTATION_COMMENTS = YES;
				CLANG_WARN_EMPTY_BODY = YES;
				CLANG_WARN_ENUM_CONVERSION = YES;
				CLANG_WARN_INFINITE_RECURSION = YES;
				CLANG_WARN_INT_CONVERSION = YES;
				CLANG_WARN_NON_LITERAL_NULL_CONVERSION = YES;
				CLANG_WARN_OBJC_IMPLICIT_RETAIN_SELF = YES;
				CLANG_WARN_OBJC_LITERAL_CONVERSION = YES;
				CLANG_WARN_OBJC_ROOT_CLASS = YES_ERROR;
				CLANG_WARN_QUOTED_INCLUDE_IN_FRAMEWORK_HEADER = YES;
				CLANG_WARN_RANGE_LOOP_ANALYSIS = YES;
				CLANG_WARN_STRICT_PROTOTYPES = YES;
				CLANG_WARN_SUSPICIOUS_MOVE = YES;
				CLANG_WARN_UNGUARDED_AVAILABILITY = YES_AGGRESSIVE;
				CLANG_WARN_UNREACHABLE_CODE = YES;
				CLANG_WARN__DUPLICATE_METHOD_MATCH = YES;
				COPY_PHASE_STRIP = NO;
				DEBUG_INFORMATION_FORMAT = dwarf;
				ENABLE_STRICT_OBJC_MSGSEND = YES;
				ENABLE_TESTABILITY = YES;
				ENABLE_USER_SCRIPT_SANDBOXING = YES;
				GCC_C_LANGUAGE_STANDARD = gnu17;
				GCC_DYNAMIC_NO_PIC = NO;
				GCC_NO_COMMON_BLOCKS = YES;
				GCC_OPTIMIZATION_LEVEL = 0;
				GCC_PREPROCESSOR_DEFINITIONS = (
					"DEBUG=1",
					"$(inherited)",
				);
				GCC_WARN_64_TO_32_BIT_CONVERSION = YES;
				GCC_WARN_ABOUT_RETURN_TYPE = YES_ERROR;
				GCC_WARN_UNDECLARED_SELECTOR = YES;
				GCC_WARN_UNINITIALIZED_AUTOS = YES_AGGRESSIVE;
				GCC_WARN_UNUSED_FUNCTION = YES;
				GCC_WARN_UNUSED_VARIABLE = YES;
				LOCALIZATION_PREFERS_STRING_CATALOGS = YES;
				MTL_ENABLE_DEBUG_INFO = INCLUDE_SOURCE;
				MTL_FAST_MATH = YES;
				ONLY_ACTIVE_ARCH = YES;
				SDKROOT = xros;
				SWIFT_ACTIVE_COMPILATION_CONDITIONS = "DEBUG $(inherited)";
				SWIFT_OPTIMIZATION_LEVEL = "-Onone";
				XROS_DEPLOYMENT_TARGET = 1.1;
			};
			name = Debug;
		};
		D0D0F1E92BC5B3E600D514AF /* Release */ = {
			isa = XCBuildConfiguration;
			buildSettings = {
				ALWAYS_SEARCH_USER_PATHS = NO;
				ASSETCATALOG_COMPILER_GENERATE_SWIFT_ASSET_SYMBOL_EXTENSIONS = YES;
				CLANG_ANALYZER_NONNULL = YES;
				CLANG_ANALYZER_NUMBER_OBJECT_CONVERSION = YES_AGGRESSIVE;
				CLANG_CXX_LANGUAGE_STANDARD = "gnu++20";
				CLANG_ENABLE_MODULES = YES;
				CLANG_ENABLE_OBJC_ARC = YES;
				CLANG_ENABLE_OBJC_WEAK = YES;
				CLANG_WARN_BLOCK_CAPTURE_AUTORELEASING = YES;
				CLANG_WARN_BOOL_CONVERSION = YES;
				CLANG_WARN_COMMA = YES;
				CLANG_WARN_CONSTANT_CONVERSION = YES;
				CLANG_WARN_DEPRECATED_OBJC_IMPLEMENTATIONS = YES;
				CLANG_WARN_DIRECT_OBJC_ISA_USAGE = YES_ERROR;
				CLANG_WARN_DOCUMENTATION_COMMENTS = YES;
				CLANG_WARN_EMPTY_BODY = YES;
				CLANG_WARN_ENUM_CONVERSION = YES;
				CLANG_WARN_INFINITE_RECURSION = YES;
				CLANG_WARN_INT_CONVERSION = YES;
				CLANG_WARN_NON_LITERAL_NULL_CONVERSION = YES;
				CLANG_WARN_OBJC_IMPLICIT_RETAIN_SELF = YES;
				CLANG_WARN_OBJC_LITERAL_CONVERSION = YES;
				CLANG_WARN_OBJC_ROOT_CLASS = YES_ERROR;
				CLANG_WARN_QUOTED_INCLUDE_IN_FRAMEWORK_HEADER = YES;
				CLANG_WARN_RANGE_LOOP_ANALYSIS = YES;
				CLANG_WARN_STRICT_PROTOTYPES = YES;
				CLANG_WARN_SUSPICIOUS_MOVE = YES;
				CLANG_WARN_UNGUARDED_AVAILABILITY = YES_AGGRESSIVE;
				CLANG_WARN_UNREACHABLE_CODE = YES;
				CLANG_WARN__DUPLICATE_METHOD_MATCH = YES;
				COPY_PHASE_STRIP = NO;
				DEBUG_INFORMATION_FORMAT = "dwarf-with-dsym";
				ENABLE_NS_ASSERTIONS = NO;
				ENABLE_STRICT_OBJC_MSGSEND = YES;
				ENABLE_USER_SCRIPT_SANDBOXING = YES;
				GCC_C_LANGUAGE_STANDARD = gnu17;
				GCC_NO_COMMON_BLOCKS = YES;
				GCC_WARN_64_TO_32_BIT_CONVERSION = YES;
				GCC_WARN_ABOUT_RETURN_TYPE = YES_ERROR;
				GCC_WARN_UNDECLARED_SELECTOR = YES;
				GCC_WARN_UNINITIALIZED_AUTOS = YES_AGGRESSIVE;
				GCC_WARN_UNUSED_FUNCTION = YES;
				GCC_WARN_UNUSED_VARIABLE = YES;
				LOCALIZATION_PREFERS_STRING_CATALOGS = YES;
				MTL_ENABLE_DEBUG_INFO = NO;
				MTL_FAST_MATH = YES;
				SDKROOT = xros;
				SWIFT_COMPILATION_MODE = wholemodule;
				VALIDATE_PRODUCT = YES;
				XROS_DEPLOYMENT_TARGET = 1.1;
			};
			name = Release;
		};
		D0D0F1EB2BC5B3E600D514AF /* Debug */ = {
			isa = XCBuildConfiguration;
			buildSettings = {
				ASSETCATALOG_COMPILER_APPICON_NAME = AppIcon;
				ASSETCATALOG_COMPILER_GLOBAL_ACCENT_COLOR_NAME = AccentColor;
				CODE_SIGN_STYLE = Automatic;
				CURRENT_PROJECT_VERSION = 1;
				DEVELOPMENT_ASSET_PATHS = "\"MahjongGeneralX/Preview Content\"";
				DEVELOPMENT_TEAM = K793CY6B89;
				ENABLE_PREVIEWS = YES;
				ENABLE_USER_SCRIPT_SANDBOXING = NO;
				GENERATE_INFOPLIST_FILE = YES;
				INFOPLIST_FILE = "$(TARGET_NAME)/Info.plist";
				LD_RUNPATH_SEARCH_PATHS = (
					"$(inherited)",
					"@executable_path/Frameworks",
				);
				MARKETING_VERSION = 1.0;
				PRODUCT_BUNDLE_IDENTIFIER = com.generalX.MahjongGeneralX;
				PRODUCT_NAME = "$(TARGET_NAME)";
				SUPPORTED_PLATFORMS = "xros xrsimulator";
				SWIFT_EMIT_LOC_STRINGS = YES;
				SWIFT_VERSION = 5.0;
				TARGETED_DEVICE_FAMILY = "1,2,7";
			};
			name = Debug;
		};
		D0D0F1EC2BC5B3E600D514AF /* Release */ = {
			isa = XCBuildConfiguration;
			buildSettings = {
				ASSETCATALOG_COMPILER_APPICON_NAME = AppIcon;
				ASSETCATALOG_COMPILER_GLOBAL_ACCENT_COLOR_NAME = AccentColor;
				CODE_SIGN_STYLE = Automatic;
				CURRENT_PROJECT_VERSION = 1;
				DEVELOPMENT_ASSET_PATHS = "\"MahjongGeneralX/Preview Content\"";
				DEVELOPMENT_TEAM = K793CY6B89;
				ENABLE_PREVIEWS = YES;
				ENABLE_USER_SCRIPT_SANDBOXING = NO;
				GENERATE_INFOPLIST_FILE = YES;
				INFOPLIST_FILE = "$(TARGET_NAME)/Info.plist";
				LD_RUNPATH_SEARCH_PATHS = (
					"$(inherited)",
					"@executable_path/Frameworks",
				);
				MARKETING_VERSION = 1.0;
				PRODUCT_BUNDLE_IDENTIFIER = com.generalX.MahjongGeneralX;
				PRODUCT_NAME = "$(TARGET_NAME)";
				SUPPORTED_PLATFORMS = "xros xrsimulator";
				SWIFT_EMIT_LOC_STRINGS = YES;
				SWIFT_VERSION = 5.0;
				TARGETED_DEVICE_FAMILY = "1,2,7";
			};
			name = Release;
		};
/* End XCBuildConfiguration section */

/* Begin XCConfigurationList section */
		D0D0F1D02BC5B3E500D514AF /* Build configuration list for PBXProject "MahjongGeneralX" */ = {
			isa = XCConfigurationList;
			buildConfigurations = (
				D0D0F1E82BC5B3E600D514AF /* Debug */,
				D0D0F1E92BC5B3E600D514AF /* Release */,
			);
			defaultConfigurationIsVisible = 0;
			defaultConfigurationName = Release;
		};
		D0D0F1EA2BC5B3E600D514AF /* Build configuration list for PBXNativeTarget "MahjongGeneralX" */ = {
			isa = XCConfigurationList;
			buildConfigurations = (
				D0D0F1EB2BC5B3E600D514AF /* Debug */,
				D0D0F1EC2BC5B3E600D514AF /* Release */,
			);
			defaultConfigurationIsVisible = 0;
			defaultConfigurationName = Release;
		};
/* End XCConfigurationList section */

/* Begin XCLocalSwiftPackageReference section */
		CBA6F73E2BC607F00056FA84 /* XCLocalSwiftPackageReference "../MahjongPackagesAVP/MahjongAnalyzer" */ = {
			isa = XCLocalSwiftPackageReference;
			relativePath = ../MahjongPackagesAVP/MahjongAnalyzer;
		};
		CBA6F73F2BC608060056FA84 /* XCLocalSwiftPackageReference "../MahjongPackagesAVP/MahjongCommons" */ = {
			isa = XCLocalSwiftPackageReference;
			relativePath = ../MahjongPackagesAVP/MahjongCommons;
		};
		CBA6F7402BC608160056FA84 /* XCLocalSwiftPackageReference "../MahjongPackagesAVP/MahjongCore" */ = {
			isa = XCLocalSwiftPackageReference;
			relativePath = ../MahjongPackagesAVP/MahjongCore;
		};
/* End XCLocalSwiftPackageReference section */

/* Begin XCSwiftPackageProductDependency section */
		CBA6F7422BC60A0B0056FA84 /* MahjongCore */ = {
			isa = XCSwiftPackageProductDependency;
			productName = MahjongCore;
		};
		D0D0F1DA2BC5B3E500D514AF /* RealityKitContent */ = {
			isa = XCSwiftPackageProductDependency;
			productName = RealityKitContent;
		};
/* End XCSwiftPackageProductDependency section */
	};
	rootObject = D0D0F1CD2BC5B3E500D514AF /* Project object */;
}
