// !$*UTF8*$!
{
	archiveVersion = 1;
	classes = {
	};
	objectVersion = 56;
	objects = {

/* Begin PBXBuildFile section */
		D0D0F1DB2BC5B3E500D514AF /* RealityKitContent in Frameworks */ = {isa = PBXBuildFile; productRef = D0D0F1DA2BC5B3E500D514AF /* RealityKitContent */; };
		D0D0F1DD2BC5B3E500D514AF /* MahjongGeneralXApp.swift in Sources */ = {isa = PBXBuildFile; fileRef = D0D0F1DC2BC5B3E500D514AF /* MahjongGeneralXApp.swift */; };
		D0D0F1DF2BC5B3E500D514AF /* ContentView.swift in Sources */ = {isa = PBXBuildFile; fileRef = D0D0F1DE2BC5B3E500D514AF /* ContentView.swift */; };
		D0D0F1E12BC5B3E500D514AF /* ImmersiveView.swift in Sources */ = {isa = PBXBuildFile; fileRef = D0D0F1E02BC5B3E500D514AF /* ImmersiveView.swift */; };
		D0D0F1E32BC5B3E600D514AF /* Assets.xcassets in Resources */ = {isa = PBXBuildFile; fileRef = D0D0F1E22BC5B3E600D514AF /* Assets.xcassets */; };
		D0D0F1E62BC5B3E600D514AF /* Preview Assets.xcassets in Resources */ = {isa = PBXBuildFile; fileRef = D0D0F1E52BC5B3E600D514AF /* Preview Assets.xcassets */; };
/* End PBXBuildFile section */

/* Begin PBXFileReference section */
		D0D0F1D52BC5B3E500D514AF /* MahjongGeneralX.app */ = {isa = PBXFileReference; explicitFileType = wrapper.application; includeInIndex = 0; path = MahjongGeneralX.app; sourceTree = BUILT_PRODUCTS_DIR; };
		D0D0F1D92BC5B3E500D514AF /* RealityKitContent */ = {isa = PBXFileReference; lastKnownFileType = wrapper; path = RealityKitContent; sourceTree = "<group>"; };
		D0D0F1DC2BC5B3E500D514AF /* MahjongGeneralXApp.swift */ = {isa = PBXFileReference; lastKnownFileType = sourcecode.swift; path = MahjongGeneralXApp.swift; sourceTree = "<group>"; };
		D0D0F1DE2BC5B3E500D514AF /* ContentView.swift */ = {isa = PBXFileReference; lastKnownFileType = sourcecode.swift; path = ContentView.swift; sourceTree = "<group>"; };
		D0D0F1E02BC5B3E500D514AF /* ImmersiveView.swift */ = {isa = PBXFileReference; lastKnownFileType = sourcecode.swift; path = ImmersiveView.swift; sourceTree = "<group>"; };
		D0D0F1E22BC5B3E600D514AF /* Assets.xcassets */ = {isa = PBXFileReference; lastKnownFileType = folder.assetcatalog; path = Assets.xcassets; sourceTree = "<group>"; };
		D0D0F1E52BC5B3E600D514AF /* Preview Assets.xcassets */ = {isa = PBXFileReference; lastKnownFileType = folder.assetcatalog; path = "Preview Assets.xcassets"; sourceTree = "<group>"; };
		D0D0F1E72BC5B3E600D514AF /* Info.plist */ = {isa = PBXFileReference; lastKnownFileType = text.plist.xml; path = Info.plist; sourceTree = "<group>"; };
/* End PBXFileReference section */

/* Begin PBXFrameworksBuildPhase section */
		D0D0F1D22BC5B3E500D514AF /* Frameworks */ = {
			isa = PBXFrameworksBuildPhase;
			buildActionMask = 2147483647;
			files = (
				D0D0F1DB2BC5B3E500D514AF /* RealityKitContent in Frameworks */,
			);
			runOnlyForDeploymentPostprocessing = 0;
		};
/* End PBXFrameworksBuildPhase section */

/* Begin PBXGroup section */
		D0D0F1CC2BC5B3E500D514AF = {
			isa = PBXGroup;
			children = (
				D0D0F1D72BC5B3E500D514AF /* MahjongGeneralX */,
				D0D0F1D82BC5B3E500D514AF /* Packages */,
				D0D0F1D62BC5B3E500D514AF /* Products */,
			);
			sourceTree = "<group>";
		};
		D0D0F1D62BC5B3E500D514AF /* Products */ = {
			isa = PBXGroup;
			children = (
				D0D0F1D52BC5B3E500D514AF /* MahjongGeneralX.app */,
			);
			name = Products;
			sourceTree = "<group>";
		};
		D0D0F1D72BC5B3E500D514AF /* MahjongGeneralX */ = {
			isa = PBXGroup;
			children = (
				D0D0F1DC2BC5B3E500D514AF /* MahjongGeneralXApp.swift */,
				D0D0F1DE2BC5B3E500D514AF /* ContentView.swift */,
				D0D0F1E02BC5B3E500D514AF /* ImmersiveView.swift */,
				D0D0F1E22BC5B3E600D514AF /* Assets.xcassets */,
				D0D0F1E72BC5B3E600D514AF /* Info.plist */,
				D0D0F1E42BC5B3E600D514AF /* Preview Content */,
			);
			path = MahjongGeneralX;
			sourceTree = "<group>";
		};
		D0D0F1D82BC5B3E500D514AF /* Packages */ = {
			isa = PBXGroup;
			children = (
				D0D0F1D92BC5B3E500D514AF /* RealityKitContent */,
			);
			path = Packages;
			sourceTree = "<group>";
		};
		D0D0F1E42BC5B3E600D514AF /* Preview Content */ = {
			isa = PBXGroup;
			children = (
				D0D0F1E52BC5B3E600D514AF /* Preview Assets.xcassets */,
			);
			path = "Preview Content";
			sourceTree = "<group>";
		};
/* End PBXGroup section */

/* Begin PBXNativeTarget section */
		D0D0F1D42BC5B3E500D514AF /* MahjongGeneralX */ = {
			isa = PBXNativeTarget;
			buildConfigurationList = D0D0F1EA2BC5B3E600D514AF /* Build configuration list for PBXNativeTarget "MahjongGeneralX" */;
			buildPhases = (
				D0D0F1D12BC5B3E500D514AF /* Sources */,
				D0D0F1D22BC5B3E500D514AF /* Frameworks */,
				D0D0F1D32BC5B3E500D514AF /* Resources */,
			);
			buildRules = (
			);
			dependencies = (
			);
			name = MahjongGeneralX;
			packageProductDependencies = (
				D0D0F1DA2BC5B3E500D514AF /* RealityKitContent */,
			);
			productName = MahjongGenerallX;
			productReference = D0D0F1D52BC5B3E500D514AF /* MahjongGeneralX.app */;
			productType = "com.apple.product-type.application";
		};
/* End PBXNativeTarget section */

/* Begin PBXProject section */
		D0D0F1CD2BC5B3E500D514AF /* Project object */ = {
			isa = PBXProject;
			attributes = {
				BuildIndependentTargetsInParallel = 1;
				LastSwiftUpdateCheck = 1530;
				LastUpgradeCheck = 1530;
				TargetAttributes = {
					D0D0F1D42BC5B3E500D514AF = {
						CreatedOnToolsVersion = 15.3;
					};
				};
			};
			buildConfigurationList = D0D0F1D02BC5B3E500D514AF /* Build configuration list for PBXProject "MahjongGeneralX" */;
			compatibilityVersion = "Xcode 14.0";
			developmentRegion = en;
			hasScannedForEncodings = 0;
			knownRegions = (
				en,
				Base,
			);
			mainGroup = D0D0F1CC2BC5B3E500D514AF;
			productRefGroup = D0D0F1D62BC5B3E500D514AF /* Products */;
			projectDirPath = "";
			projectRoot = "";
			targets = (
				D0D0F1D42BC5B3E500D514AF /* MahjongGeneralX */,
			);
		};
/* End PBXProject section */

/* Begin PBXResourcesBuildPhase section */
		D0D0F1D32BC5B3E500D514AF /* Resources */ = {
			isa = PBXResourcesBuildPhase;
			buildActionMask = 2147483647;
			files = (
				D0D0F1E62BC5B3E600D514AF /* Preview Assets.xcassets in Resources */,
				D0D0F1E32BC5B3E600D514AF /* Assets.xcassets in Resources */,
			);
			runOnlyForDeploymentPostprocessing = 0;
		};
/* End PBXResourcesBuildPhase section */

/* Begin PBXSourcesBuildPhase section */
		D0D0F1D12BC5B3E500D514AF /* Sources */ = {
			isa = PBXSourcesBuildPhase;
			buildActionMask = 2147483647;
			files = (
				D0D0F1DF2BC5B3E500D514AF /* ContentView.swift in Sources */,
				D0D0F1DD2BC5B3E500D514AF /* MahjongGeneralXApp.swift in Sources */,
				D0D0F1E12BC5B3E500D514AF /* ImmersiveView.swift in Sources */,
			);
			runOnlyForDeploymentPostprocessing = 0;
		};
/* End PBXSourcesBuildPhase section */

/* Begin XCBuildConfiguration section */
		D0D0F1E82BC5B3E600D514AF /* Debug */ = {
			isa = XCBuildConfiguration;
			buildSettings = {
				ALWAYS_SEARCH_USER_PATHS = NO;
				ASSETCATALOG_COMPILER_GENERATE_SWIFT_ASSET_SYMBOL_EXTENSIONS = YES;
				CLANG_ANALYZER_NONNULL = YES;
				CLANG_ANALYZER_NUMBER_OBJECT_CONVERSION = YES_AGGRESSIVE;
				CLANG_CXX_LANGUAGE_STANDARD = "gnu++20";
				CLANG_ENABLE_MODULES = YES;
				CLANG_ENABLE_OBJC_ARC = YES;
				CLANG_ENABLE_OBJC_WEAK = YES;
				CLANG_WARN_BLOCK_CAPTURE_AUTORELEASING = YES;
				CLANG_WARN_BOOL_CONVERSION = YES;
				CLANG_WARN_COMMA = YES;
				CLANG_WARN_CONSTANT_CONVERSION = YES;
				CLANG_WARN_DEPRECATED_OBJC_IMPLEMENTATIONS = YES;
				CLANG_WARN_DIRECT_OBJC_ISA_USAGE = YES_ERROR;
				CLANG_WARN_DOCUMENTATION_COMMENTS = YES;
				CLANG_WARN_EMPTY_BODY = YES;
				CLANG_WARN_ENUM_CONVERSION = YES;
				CLANG_WARN_INFINITE_RECURSION = YES;
				CLANG_WARN_INT_CONVERSION = YES;
				CLANG_WARN_NON_LITERAL_NULL_CONVERSION = YES;
				CLANG_WARN_OBJC_IMPLICIT_RETAIN_SELF = YES;
				CLANG_WARN_OBJC_LITERAL_CONVERSION = YES;
				CLANG_WARN_OBJC_ROOT_CLASS = YES_ERROR;
				CLANG_WARN_QUOTED_INCLUDE_IN_FRAMEWORK_HEADER = YES;
				CLANG_WARN_RANGE_LOOP_ANALYSIS = YES;
				CLANG_WARN_STRICT_PROTOTYPES = YES;
				CLANG_WARN_SUSPICIOUS_MOVE = YES;
				CLANG_WARN_UNGUARDED_AVAILABILITY = YES_AGGRESSIVE;
				CLANG_WARN_UNREACHABLE_CODE = YES;
				CLANG_WARN__DUPLICATE_METHOD_MATCH = YES;
				COPY_PHASE_STRIP = NO;
				DEBUG_INFORMATION_FORMAT = dwarf;
				ENABLE_STRICT_OBJC_MSGSEND = YES;
				ENABLE_TESTABILITY = YES;
				ENABLE_USER_SCRIPT_SANDBOXING = YES;
				GCC_C_LANGUAGE_STANDARD = gnu17;
				GCC_DYNAMIC_NO_PIC = NO;
				GCC_NO_COMMON_BLOCKS = YES;
				GCC_OPTIMIZATION_LEVEL = 0;
				GCC_PREPROCESSOR_DEFINITIONS = (
					"DEBUG=1",
					"$(inherited)",
				);
				GCC_WARN_64_TO_32_BIT_CONVERSION = YES;
				GCC_WARN_ABOUT_RETURN_TYPE = YES_ERROR;
				GCC_WARN_UNDECLARED_SELECTOR = YES;
				GCC_WARN_UNINITIALIZED_AUTOS = YES_AGGRESSIVE;
				GCC_WARN_UNUSED_FUNCTION = YES;
				GCC_WARN_UNUSED_VARIABLE = YES;
				LOCALIZATION_PREFERS_STRING_CATALOGS = YES;
				MTL_ENABLE_DEBUG_INFO = INCLUDE_SOURCE;
				MTL_FAST_MATH = YES;
				ONLY_ACTIVE_ARCH = YES;
				SDKROOT = xros;
				SWIFT_ACTIVE_COMPILATION_CONDITIONS = "DEBUG $(inherited)";
				SWIFT_OPTIMIZATION_LEVEL = "-Onone";
				XROS_DEPLOYMENT_TARGET = 1.1;
			};
			name = Debug;
		};
		D0D0F1E92BC5B3E600D514AF /* Release */ = {
			isa = XCBuildConfiguration;
			buildSettings = {
				ALWAYS_SEARCH_USER_PATHS = NO;
				ASSETCATALOG_COMPILER_GENERATE_SWIFT_ASSET_SYMBOL_EXTENSIONS = YES;
				CLANG_ANALYZER_NONNULL = YES;
				CLANG_ANALYZER_NUMBER_OBJECT_CONVERSION = YES_AGGRESSIVE;
				CLANG_CXX_LANGUAGE_STANDARD = "gnu++20";
				CLANG_ENABLE_MODULES = YES;
				CLANG_ENABLE_OBJC_ARC = YES;
				CLANG_ENABLE_OBJC_WEAK = YES;
				CLANG_WARN_BLOCK_CAPTURE_AUTORELEASING = YES;
				CLANG_WARN_BOOL_CONVERSION = YES;
				CLANG_WARN_COMMA = YES;
				CLANG_WARN_CONSTANT_CONVERSION = YES;
				CLANG_WARN_DEPRECATED_OBJC_IMPLEMENTATIONS = YES;
				CLANG_WARN_DIRECT_OBJC_ISA_USAGE = YES_ERROR;
				CLANG_WARN_DOCUMENTATION_COMMENTS = YES;
				CLANG_WARN_EMPTY_BODY = YES;
				CLANG_WARN_ENUM_CONVERSION = YES;
				CLANG_WARN_INFINITE_RECURSION = YES;
				CLANG_WARN_INT_CONVERSION = YES;
				CLANG_WARN_NON_LITERAL_NULL_CONVERSION = YES;
				CLANG_WARN_OBJC_IMPLICIT_RETAIN_SELF = YES;
				CLANG_WARN_OBJC_LITERAL_CONVERSION = YES;
				CLANG_WARN_OBJC_ROOT_CLASS = YES_ERROR;
				CLANG_WARN_QUOTED_INCLUDE_IN_FRAMEWORK_HEADER = YES;
				CLANG_WARN_RANGE_LOOP_ANALYSIS = YES;
				CLANG_WARN_STRICT_PROTOTYPES = YES;
				CLANG_WARN_SUSPICIOUS_MOVE = YES;
				CLANG_WARN_UNGUARDED_AVAILABILITY = YES_AGGRESSIVE;
				CLANG_WARN_UNREACHABLE_CODE = YES;
				CLANG_WARN__DUPLICATE_METHOD_MATCH = YES;
				COPY_PHASE_STRIP = NO;
				DEBUG_INFORMATION_FORMAT = "dwarf-with-dsym";
				ENABLE_NS_ASSERTIONS = NO;
				ENABLE_STRICT_OBJC_MSGSEND = YES;
				ENABLE_USER_SCRIPT_SANDBOXING = YES;
				GCC_C_LANGUAGE_STANDARD = gnu17;
				GCC_NO_COMMON_BLOCKS = YES;
				GCC_WARN_64_TO_32_BIT_CONVERSION = YES;
				GCC_WARN_ABOUT_RETURN_TYPE = YES_ERROR;
				GCC_WARN_UNDECLARED_SELECTOR = YES;
				GCC_WARN_UNINITIALIZED_AUTOS = YES_AGGRESSIVE;
				GCC_WARN_UNUSED_FUNCTION = YES;
				GCC_WARN_UNUSED_VARIABLE = YES;
				LOCALIZATION_PREFERS_STRING_CATALOGS = YES;
				MTL_ENABLE_DEBUG_INFO = NO;
				MTL_FAST_MATH = YES;
				SDKROOT = xros;
				SWIFT_COMPILATION_MODE = wholemodule;
				VALIDATE_PRODUCT = YES;
				XROS_DEPLOYMENT_TARGET = 1.1;
			};
			name = Release;
		};
		D0D0F1EB2BC5B3E600D514AF /* Debug */ = {
			isa = XCBuildConfiguration;
			buildSettings = {
				ASSETCATALOG_COMPILER_APPICON_NAME = AppIcon;
				ASSETCATALOG_COMPILER_GLOBAL_ACCENT_COLOR_NAME = AccentColor;
				CODE_SIGN_STYLE = Automatic;
				CURRENT_PROJECT_VERSION = 1;
				DEVELOPMENT_ASSET_PATHS = "\"MahjongGeneralX/Preview Content\"";
				DEVELOPMENT_TEAM = K793CY6B89;
				ENABLE_PREVIEWS = YES;
				GENERATE_INFOPLIST_FILE = YES;
				INFOPLIST_FILE = "$(TARGET_NAME)/Info.plist";
				LD_RUNPATH_SEARCH_PATHS = (
					"$(inherited)",
					"@executable_path/Frameworks",
				);
				MARKETING_VERSION = 1.0;
				PRODUCT_BUNDLE_IDENTIFIER = com.generalX.MahjongGenerallX;
				PRODUCT_NAME = "$(TARGET_NAME)";
				SUPPORTED_PLATFORMS = "xros xrsimulator";
				SWIFT_EMIT_LOC_STRINGS = YES;
				SWIFT_VERSION = 5.0;
				TARGETED_DEVICE_FAMILY = "1,2,7";
			};
			name = Debug;
		};
		D0D0F1EC2BC5B3E600D514AF /* Release */ = {
			isa = XCBuildConfiguration;
			buildSettings = {
				ASSETCATALOG_COMPILER_APPICON_NAME = AppIcon;
				ASSETCATALOG_COMPILER_GLOBAL_ACCENT_COLOR_NAME = AccentColor;
				CODE_SIGN_STYLE = Automatic;
				CURRENT_PROJECT_VERSION = 1;
				DEVELOPMENT_ASSET_PATHS = "\"MahjongGeneralX/Preview Content\"";
				DEVELOPMENT_TEAM = K793CY6B89;
				ENABLE_PREVIEWS = YES;
				GENERATE_INFOPLIST_FILE = YES;
				INFOPLIST_FILE = "$(TARGET_NAME)/Info.plist";
				LD_RUNPATH_SEARCH_PATHS = (
					"$(inherited)",
					"@executable_path/Frameworks",
				);
				MARKETING_VERSION = 1.0;
				PRODUCT_BUNDLE_IDENTIFIER = com.generalX.MahjongGenerallX;
				PRODUCT_NAME = "$(TARGET_NAME)";
				SUPPORTED_PLATFORMS = "xros xrsimulator";
				SWIFT_EMIT_LOC_STRINGS = YES;
				SWIFT_VERSION = 5.0;
				TARGETED_DEVICE_FAMILY = "1,2,7";
			};
			name = Release;
		};
/* End XCBuildConfiguration section */

/* Begin XCConfigurationList section */
		D0D0F1D02BC5B3E500D514AF /* Build configuration list for PBXProject "MahjongGeneralX" */ = {
			isa = XCConfigurationList;
			buildConfigurations = (
				D0D0F1E82BC5B3E600D514AF /* Debug */,
				D0D0F1E92BC5B3E600D514AF /* Release */,
			);
			defaultConfigurationIsVisible = 0;
			defaultConfigurationName = Release;
		};
		D0D0F1EA2BC5B3E600D514AF /* Build configuration list for PBXNativeTarget "MahjongGeneralX" */ = {
			isa = XCConfigurationList;
			buildConfigurations = (
				D0D0F1EB2BC5B3E600D514AF /* Debug */,
				D0D0F1EC2BC5B3E600D514AF /* Release */,
			);
			defaultConfigurationIsVisible = 0;
			defaultConfigurationName = Release;
		};
/* End XCConfigurationList section */

/* Begin XCSwiftPackageProductDependency section */
		D0D0F1DA2BC5B3E500D514AF /* RealityKitContent */ = {
			isa = XCSwiftPackageProductDependency;
			productName = RealityKitContent;
		};
/* End XCSwiftPackageProductDependency section */
	};
	rootObject = D0D0F1CD2BC5B3E500D514AF /* Project object */;
}
